# This file is automatically @generated by Cargo.
# It is not intended for manual editing.
[[package]]
name = "scof"
version = "0.1.0"

[[package]]
name = "score2svg"
version = "0.1.0"
dependencies = [
 "scof 0.1.0",
]

[[package]]
name = "scorefall-font"
version = "0.1.0"
dependencies = [
 "score2svg 0.1.0",
]

